
Microsoft Visual Studio Solution File, Format Version 12.00
# Visual Studio Version 17
VisualStudioVersion = 17.2.32616.157
MinimumVisualStudioVersion = 10.0.40219.1
Project("{9A19103F-16F7-4668-BE54-9A1E7A4F7556}") = "Model", "Model\Model.csproj", "{B1F0F55F-1827-45ED-AB3E-9613E0958544}"
EndProject
Project("{9A19103F-16F7-4668-BE54-9A1E7A4F7556}") = "DataAccess", "DataAccess\DataAccess.csproj", "{48DAAE7E-1846-4CA1-B5DE-4730D2D0D836}"
EndProject
Project("{9A19103F-16F7-4668-BE54-9A1E7A4F7556}") = "ClientManager", "ClientManager\ClientManager.csproj", "{5ECE9C72-793A-425E-AF79-56E2CEE0E955}"
EndProject
Project("{9A19103F-16F7-4668-BE54-9A1E7A4F7556}") = "ClientManager.WebApi", "ClientManager.WebApi\ClientManager.WebApi.csproj", "{42660E80-9F33-4685-AE04-7075D23A72B1}"
EndProject
Global
	GlobalSection(SolutionConfigurationPlatforms) = preSolution
		Debug|Any CPU = Debug|Any CPU
		Release|Any CPU = Release|Any CPU
	EndGlobalSection
	GlobalSection(ProjectConfigurationPlatforms) = postSolution
		{B1F0F55F-1827-45ED-AB3E-9613E0958544}.Debug|Any CPU.ActiveCfg = Debug|Any CPU
		{B1F0F55F-1827-45ED-AB3E-9613E0958544}.Debug|Any CPU.Build.0 = Debug|Any CPU
		{B1F0F55F-1827-45ED-AB3E-9613E0958544}.Release|Any CPU.ActiveCfg = Release|Any CPU
		{B1F0F55F-1827-45ED-AB3E-9613E0958544}.Release|Any CPU.Build.0 = Release|Any CPU
		{48DAAE7E-1846-4CA1-B5DE-4730D2D0D836}.Debug|Any CPU.ActiveCfg = Debug|Any CPU
		{48DAAE7E-1846-4CA1-B5DE-4730D2D0D836}.Debug|Any CPU.Build.0 = Debug|Any CPU
		{48DAAE7E-1846-4CA1-B5DE-4730D2D0D836}.Release|Any CPU.ActiveCfg = Release|Any CPU
		{48DAAE7E-1846-4CA1-B5DE-4730D2D0D836}.Release|Any CPU.Build.0 = Release|Any CPU
		{5ECE9C72-793A-425E-AF79-56E2CEE0E955}.Debug|Any CPU.ActiveCfg = Debug|Any CPU
		{5ECE9C72-793A-425E-AF79-56E2CEE0E955}.Debug|Any CPU.Build.0 = Debug|Any CPU
		{5ECE9C72-793A-425E-AF79-56E2CEE0E955}.Release|Any CPU.ActiveCfg = Release|Any CPU
		{5ECE9C72-793A-425E-AF79-56E2CEE0E955}.Release|Any CPU.Build.0 = Release|Any CPU
		{42660E80-9F33-4685-AE04-7075D23A72B1}.Debug|Any CPU.ActiveCfg = Debug|Any CPU
		{42660E80-9F33-4685-AE04-7075D23A72B1}.Debug|Any CPU.Build.0 = Debug|Any CPU
		{42660E80-9F33-4685-AE04-7075D23A72B1}.Release|Any CPU.ActiveCfg = Release|Any CPU
		{42660E80-9F33-4685-AE04-7075D23A72B1}.Release|Any CPU.Build.0 = Release|Any CPU
	EndGlobalSection
	GlobalSection(SolutionProperties) = preSolution
		HideSolutionNode = FALSE
	EndGlobalSection
	GlobalSection(ExtensibilityGlobals) = postSolution
		SolutionGuid = {963F2A55-4484-439F-A5E9-E2BE9B16DF47}
	EndGlobalSection
EndGlobal
